
Microsoft Visual Studio Solution File, Format Version 12.00
Project("{FAE04EC0-301F-11D3-BF4B-00C04F79EFBC}") = "Avalonia.PoC", "Avalonia.PoC\Avalonia.PoC\Avalonia.PoC.csproj", "{BD7CB949-66BA-44A8-9574-647BBC52D9DF}"
EndProject
Project("{FAE04EC0-301F-11D3-BF4B-00C04F79EFBC}") = "Avalonia.PoC.Android", "Avalonia.PoC\Avalonia.PoC.Android\Avalonia.PoC.Android.csproj", "{96535A60-591A-4B52-8AFD-C5BED8B61C32}"
EndProject
Project("{FAE04EC0-301F-11D3-BF4B-00C04F79EFBC}") = "Avalonia.PoC.Desktop", "Avalonia.PoC\Avalonia.PoC.Desktop\Avalonia.PoC.Desktop.csproj", "{CAF4C4FD-9EA3-4E77-994F-EBB92CF24019}"
EndProject
Project("{FAE04EC0-301F-11D3-BF4B-00C04F79EFBC}") = "Avalonia.PoC.iOS", "Avalonia.PoC\Avalonia.PoC.iOS\Avalonia.PoC.iOS.csproj", "{9287FBE0-CE47-46FA-BF1D-6DCCCB7D260C}"
EndProject
Project("{FAE04EC0-301F-11D3-BF4B-00C04F79EFBC}") = "Avalonia.PoC.Browser", "Avalonia.PoC\Avalonia.PoC.Browser\Avalonia.PoC.Browser.csproj", "{15231A7D-A3AC-4DFB-95FE-0F19FDBC5F36}"
EndProject
Global
	GlobalSection(SolutionConfigurationPlatforms) = preSolution
		Debug|Any CPU = Debug|Any CPU
		Release|Any CPU = Release|Any CPU
	EndGlobalSection
	GlobalSection(ProjectConfigurationPlatforms) = postSolution
		{BD7CB949-66BA-44A8-9574-647BBC52D9DF}.Debug|Any CPU.ActiveCfg = Debug|Any CPU
		{BD7CB949-66BA-44A8-9574-647BBC52D9DF}.Debug|Any CPU.Build.0 = Debug|Any CPU
		{BD7CB949-66BA-44A8-9574-647BBC52D9DF}.Release|Any CPU.ActiveCfg = Release|Any CPU
		{BD7CB949-66BA-44A8-9574-647BBC52D9DF}.Release|Any CPU.Build.0 = Release|Any CPU
		{96535A60-591A-4B52-8AFD-C5BED8B61C32}.Debug|Any CPU.ActiveCfg = Debug|Any CPU
		{96535A60-591A-4B52-8AFD-C5BED8B61C32}.Debug|Any CPU.Build.0 = Debug|Any CPU
		{96535A60-591A-4B52-8AFD-C5BED8B61C32}.Debug|Any CPU.Deploy.0 = Debug|Any CPU
		{96535A60-591A-4B52-8AFD-C5BED8B61C32}.Release|Any CPU.ActiveCfg = Release|Any CPU
		{96535A60-591A-4B52-8AFD-C5BED8B61C32}.Release|Any CPU.Build.0 = Release|Any CPU
		{96535A60-591A-4B52-8AFD-C5BED8B61C32}.Release|Any CPU.Deploy.0 = Release|Any CPU
		{CAF4C4FD-9EA3-4E77-994F-EBB92CF24019}.Debug|Any CPU.ActiveCfg = Debug|Any CPU
		{CAF4C4FD-9EA3-4E77-994F-EBB92CF24019}.Debug|Any CPU.Build.0 = Debug|Any CPU
		{CAF4C4FD-9EA3-4E77-994F-EBB92CF24019}.Release|Any CPU.ActiveCfg = Release|Any CPU
		{CAF4C4FD-9EA3-4E77-994F-EBB92CF24019}.Release|Any CPU.Build.0 = Release|Any CPU
		{9287FBE0-CE47-46FA-BF1D-6DCCCB7D260C}.Debug|Any CPU.ActiveCfg = Debug|Any CPU
		{9287FBE0-CE47-46FA-BF1D-6DCCCB7D260C}.Debug|Any CPU.Build.0 = Debug|Any CPU
		{9287FBE0-CE47-46FA-BF1D-6DCCCB7D260C}.Debug|Any CPU.Deploy.0 = Debug|Any CPU
		{9287FBE0-CE47-46FA-BF1D-6DCCCB7D260C}.Release|Any CPU.ActiveCfg = Release|Any CPU
		{9287FBE0-CE47-46FA-BF1D-6DCCCB7D260C}.Release|Any CPU.Build.0 = Release|Any CPU
		{9287FBE0-CE47-46FA-BF1D-6DCCCB7D260C}.Release|Any CPU.Deploy.0 = Release|Any CPU
		{15231A7D-A3AC-4DFB-95FE-0F19FDBC5F36}.Debug|Any CPU.ActiveCfg = Debug|Any CPU
		{15231A7D-A3AC-4DFB-95FE-0F19FDBC5F36}.Debug|Any CPU.Build.0 = Debug|Any CPU
		{15231A7D-A3AC-4DFB-95FE-0F19FDBC5F36}.Release|Any CPU.ActiveCfg = Release|Any CPU
		{15231A7D-A3AC-4DFB-95FE-0F19FDBC5F36}.Release|Any CPU.Build.0 = Release|Any CPU
	EndGlobalSection
EndGlobal
